{
  "requires": true,
  "lockfileVersion": 1,
  "dependencies": {
    "vue-cli-plugin-vuetify": {
      "version": "0.6.3",
      "resolved": "https://registry.npmjs.org/vue-cli-plugin-vuetify/-/vue-cli-plugin-vuetify-0.6.3.tgz",
      "integrity": "sha512-bdbJcNIc8rrXX1KUiA/7H5mbq6hnjics+k0Q9qdWrX9DjXkGDd+kWhbk9pAIfAZgyHkgGxsgMXF4QhpMMYBiFg==",
      "dev": true
    }
  }
}
